// !$*UTF8*$!
{
	archiveVersion = 1;
	classes = {
	};
	objectVersion = 48;
	objects = {

/* Begin PBXBuildFile section */
		9048B4811FD863EF005C44AB /* AppDelegate.swift in Sources */ = {isa = PBXBuildFile; fileRef = 9048B4801FD863EF005C44AB /* AppDelegate.swift */; };
		9048B4831FD863EF005C44AB /* ViewController.swift in Sources */ = {isa = PBXBuildFile; fileRef = 9048B4821FD863EF005C44AB /* ViewController.swift */; };
		9048B4861FD863EF005C44AB /* Main.storyboard in Resources */ = {isa = PBXBuildFile; fileRef = 9048B4841FD863EF005C44AB /* Main.storyboard */; };
		9048B4881FD863EF005C44AB /* Assets.xcassets in Resources */ = {isa = PBXBuildFile; fileRef = 9048B4871FD863EF005C44AB /* Assets.xcassets */; };
		9048B48B1FD863EF005C44AB /* LaunchScreen.storyboard in Resources */ = {isa = PBXBuildFile; fileRef = 9048B4891FD863EF005C44AB /* LaunchScreen.storyboard */; };
/* End PBXBuildFile section */

/* Begin PBXFileReference section */
		9048B47D1FD863EF005C44AB /* InputAccessoryViewTest.app */ = {isa = PBXFileReference; explicitFileType = wrapper.application; includeInIndex = 0; path = InputAccessoryViewTest.app; sourceTree = BUILT_PRODUCTS_DIR; };
		9048B4801FD863EF005C44AB /* AppDelegate.swift */ = {isa = PBXFileReference; lastKnownFileType = sourcecode.swift; path = AppDelegate.swift; sourceTree = "<group>"; };
		9048B4821FD863EF005C44AB /* ViewController.swift */ = {isa = PBXFileReference; lastKnownFileType = sourcecode.swift; path = ViewController.swift; sourceTree = "<group>"; };
		9048B4851FD863EF005C44AB /* Base */ = {isa = PBXFileReference; lastKnownFileType = file.storyboard; name = Base; path = Base.lproj/Main.storyboard; sourceTree = "<group>"; };
		9048B4871FD863EF005C44AB /* Assets.xcassets */ = {isa = PBXFileReference; lastKnownFileType = folder.assetcatalog; path = Assets.xcassets; sourceTree = "<group>"; };
		9048B48A1FD863EF005C44AB /* Base */ = {isa = PBXFileReference; lastKnownFileType = file.storyboard; name = Base; path = Base.lproj/LaunchScreen.storyboard; sourceTree = "<group>"; };
		9048B48C1FD863EF005C44AB /* Info.plist */ = {isa = PBXFileReference; lastKnownFileType = text.plist.xml; path = Info.plist; sourceTree = "<group>"; };
/* End PBXFileReference section */

/* Begin PBXFrameworksBuildPhase section */
		9048B47A1FD863EF005C44AB /* Frameworks */ = {
			isa = PBXFrameworksBuildPhase;
			buildActionMask = 2147483647;
			files = (
			);
			runOnlyForDeploymentPostprocessing = 0;
		};
/* End PBXFrameworksBuildPhase section */

/* Begin PBXGroup section */
		9048B4741FD863EF005C44AB = {
			isa = PBXGroup;
			children = (
				9048B47F1FD863EF005C44AB /* InputAccessoryViewTest */,
				9048B47E1FD863EF005C44AB /* Products */,
			);
			sourceTree = "<group>";
		};
		9048B47E1FD863EF005C44AB /* Products */ = {
			isa = PBXGroup;
			children = (
				9048B47D1FD863EF005C44AB /* InputAccessoryViewTest.app */,
			);
			name = Products;
			sourceTree = "<group>";
		};
		9048B47F1FD863EF005C44AB /* InputAccessoryViewTest */ = {
			isa = PBXGroup;
			children = (
				9048B4801FD863EF005C44AB /* AppDelegate.swift */,
				9048B4821FD863EF005C44AB /* ViewController.swift */,
				9048B4841FD863EF005C44AB /* Main.storyboard */,
				9048B4871FD863EF005C44AB /* Assets.xcassets */,
				9048B4891FD863EF005C44AB /* LaunchScreen.storyboard */,
				9048B48C1FD863EF005C44AB /* Info.plist */,
			);
			path = InputAccessoryViewTest;
			sourceTree = "<group>";
		};
/* End PBXGroup section */

/* Begin PBXNativeTarget section */
		9048B47C1FD863EF005C44AB /* InputAccessoryViewTest */ = {
			isa = PBXNativeTarget;
			buildConfigurationList = 9048B48F1FD863EF005C44AB /* Build configuration list for PBXNativeTarget "InputAccessoryViewTest" */;
			buildPhases = (
				9048B4791FD863EF005C44AB /* Sources */,
				9048B47A1FD863EF005C44AB /* Frameworks */,
				9048B47B1FD863EF005C44AB /* Resources */,
			);
			buildRules = (
			);
			dependencies = (
			);
			name = InputAccessoryViewTest;
			productName = InputAccessoryViewTest;
			productReference = 9048B47D1FD863EF005C44AB /* InputAccessoryViewTest.app */;
			productType = "com.apple.product-type.application";
		};
/* End PBXNativeTarget section */

/* Begin PBXProject section */
		9048B4751FD863EF005C44AB /* Project object */ = {
			isa = PBXProject;
			attributes = {
				LastSwiftUpdateCheck = 0920;
				LastUpgradeCheck = 0920;
				ORGANIZATIONNAME = "The App Boutique";
				TargetAttributes = {
					9048B47C1FD863EF005C44AB = {
						CreatedOnToolsVersion = 9.2;
						ProvisioningStyle = Automatic;
					};
				};
			};
			buildConfigurationList = 9048B4781FD863EF005C44AB /* Build configuration list for PBXProject "InputAccessoryViewTest" */;
			compatibilityVersion = "Xcode 8.0";
			developmentRegion = en;
			hasScannedForEncodings = 0;
			knownRegions = (
				en,
				Base,
			);
			mainGroup = 9048B4741FD863EF005C44AB;
			productRefGroup = 9048B47E1FD863EF005C44AB /* Products */;
			projectDirPath = "";
			projectRoot = "";
			targets = (
				9048B47C1FD863EF005C44AB /* InputAccessoryViewTest */,
			);
		};
/* End PBXProject section */

/* Begin PBXResourcesBuildPhase section */
		9048B47B1FD863EF005C44AB /* Resources */ = {
			isa = PBXResourcesBuildPhase;
			buildActionMask = 2147483647;
			files = (
				9048B48B1FD863EF005C44AB /* LaunchScreen.storyboard in Resources */,
				9048B4881FD863EF005C44AB /* Assets.xcassets in Resources */,
				9048B4861FD863EF005C44AB /* Main.storyboard in Resources */,
			);
			runOnlyForDeploymentPostprocessing = 0;
		};
/* End PBXResourcesBuildPhase section */

/* Begin PBXSourcesBuildPhase section */
		9048B4791FD863EF005C44AB /* Sources */ = {
			isa = PBXSourcesBuildPhase;
			buildActionMask = 2147483647;
			files = (
				9048B4831FD863EF005C44AB /* ViewController.swift in Sources */,
				9048B4811FD863EF005C44AB /* AppDelegate.swift in Sources */,
			);
			runOnlyForDeploymentPostprocessing = 0;
		};
/* End PBXSourcesBuildPhase section */

/* Begin PBXVariantGroup section */
		9048B4841FD863EF005C44AB /* Main.storyboard */ = {
			isa = PBXVariantGroup;
			children = (
				9048B4851FD863EF005C44AB /* Base */,
			);
			name = Main.storyboard;
			sourceTree = "<group>";
		};
		9048B4891FD863EF005C44AB /* LaunchScreen.storyboard */ = {
			isa = PBXVariantGroup;
			children = (
				9048B48A1FD863EF005C44AB /* Base */,
			);
			name = LaunchScreen.storyboard;
			sourceTree = "<group>";
		};
/* End PBXVariantGroup section */

/* Begin XCBuildConfiguration section */
		9048B48D1FD863EF005C44AB /* Debug */ = {
			isa = XCBuildConfiguration;
			buildSettings = {
				ALWAYS_SEARCH_USER_PATHS = NO;
				CLANG_ANALYZER_NONNULL = YES;
				CLANG_ANALYZER_NUMBER_OBJECT_CONVERSION = YES_AGGRESSIVE;
				CLANG_CXX_LANGUAGE_STANDARD = "gnu++14";
				CLANG_CXX_LIBRARY = "libc++";
				CLANG_ENABLE_MODULES = YES;
				CLANG_ENABLE_OBJC_ARC = YES;
				CLANG_WARN_BLOCK_CAPTURE_AUTORELEASING = YES;
				CLANG_WARN_BOOL_CONVERSION = YES;
				CLANG_WARN_COMMA = YES;
				CLANG_WARN_CONSTANT_CONVERSION = YES;
				CLANG_WARN_DIRECT_OBJC_ISA_USAGE = YES_ERROR;
				CLANG_WARN_DOCUMENTATION_COMMENTS = YES;
				CLANG_WARN_EMPTY_BODY = YES;
				CLANG_WARN_ENUM_CONVERSION = YES;
				CLANG_WARN_INFINITE_RECURSION = YES;
				CLANG_WARN_INT_CONVERSION = YES;
				CLANG_WARN_NON_LITERAL_NULL_CONVERSION = YES;
				CLANG_WARN_OBJC_LITERAL_CONVERSION = YES;
				CLANG_WARN_OBJC_ROOT_CLASS = YES_ERROR;
				CLANG_WARN_RANGE_LOOP_ANALYSIS = YES;
				CLANG_WARN_STRICT_PROTOTYPES = YES;
				CLANG_WARN_SUSPICIOUS_MOVE = YES;
				CLANG_WARN_UNGUARDED_AVAILABILITY = YES_AGGRESSIVE;
				CLANG_WARN_UNREACHABLE_CODE = YES;
				CLANG_WARN__DUPLICATE_METHOD_MATCH = YES;
				CODE_SIGN_IDENTITY = "iPhone Developer";
				COPY_PHASE_STRIP = NO;
				DEBUG_INFORMATION_FORMAT = dwarf;
				ENABLE_STRICT_OBJC_MSGSEND = YES;
				ENABLE_TESTABILITY = YES;
				GCC_C_LANGUAGE_STANDARD = gnu11;
				GCC_DYNAMIC_NO_PIC = NO;
				GCC_NO_COMMON_BLOCKS = YES;
				GCC_OPTIMIZATION_LEVEL = 0;
				GCC_PREPROCESSOR_DEFINITIONS = (
					"DEBUG=1",
					"$(inherited)",
				);
				GCC_WARN_64_TO_32_BIT_CONVERSION = YES;
				GCC_WARN_ABOUT_RETURN_TYPE = YES_ERROR;
				GCC_WARN_UNDECLARED_SELECTOR = YES;
				GCC_WARN_UNINITIALIZED_AUTOS = YES_AGGRESSIVE;
				GCC_WARN_UNUSED_FUNCTION = YES;
				GCC_WARN_UNUSED_VARIABLE = YES;
				IPHONEOS_DEPLOYMENT_TARGET = 11.2;
				MTL_ENABLE_DEBUG_INFO = YES;
				ONLY_ACTIVE_ARCH = YES;
				SDKROOT = iphoneos;
				SWIFT_ACTIVE_COMPILATION_CONDITIONS = DEBUG;
				SWIFT_OPTIMIZATION_LEVEL = "-Onone";
			};
			name = Debug;
		};
		9048B48E1FD863EF005C44AB /* Release */ = {
			isa = XCBuildConfiguration;
			buildSettings = {
				ALWAYS_SEARCH_USER_PATHS = NO;
				CLANG_ANALYZER_NONNULL = YES;
				CLANG_ANALYZER_NUMBER_OBJECT_CONVERSION = YES_AGGRESSIVE;
				CLANG_CXX_LANGUAGE_STANDARD = "gnu++14";
				CLANG_CXX_LIBRARY = "libc++";
				CLANG_ENABLE_MODULES = YES;
				CLANG_ENABLE_OBJC_ARC = YES;
				CLANG_WARN_BLOCK_CAPTURE_AUTORELEASING = YES;
				CLANG_WARN_BOOL_CONVERSION = YES;
				CLANG_WARN_COMMA = YES;
				CLANG_WARN_CONSTANT_CONVERSION = YES;
				CLANG_WARN_DIRECT_OBJC_ISA_USAGE = YES_ERROR;
				CLANG_WARN_DOCUMENTATION_COMMENTS = YES;
				CLANG_WARN_EMPTY_BODY = YES;
				CLANG_WARN_ENUM_CONVERSION = YES;
				CLANG_WARN_INFINITE_RECURSION = YES;
				CLANG_WARN_INT_CONVERSION = YES;
				CLANG_WARN_NON_LITERAL_NULL_CONVERSION = YES;
				CLANG_WARN_OBJC_LITERAL_CONVERSION = YES;
				CLANG_WARN_OBJC_ROOT_CLASS = YES_ERROR;
				CLANG_WARN_RANGE_LOOP_ANALYSIS = YES;
				CLANG_WARN_STRICT_PROTOTYPES = YES;
				CLANG_WARN_SUSPICIOUS_MOVE = YES;
				CLANG_WARN_UNGUARDED_AVAILABILITY = YES_AGGRESSIVE;
				CLANG_WARN_UNREACHABLE_CODE = YES;
				CLANG_WARN__DUPLICATE_METHOD_MATCH = YES;
				CODE_SIGN_IDENTITY = "iPhone Developer";
				COPY_PHASE_STRIP = NO;
				DEBUG_INFORMATION_FORMAT = "dwarf-with-dsym";
				ENABLE_NS_ASSERTIONS = NO;
				ENABLE_STRICT_OBJC_MSGSEND = YES;
				GCC_C_LANGUAGE_STANDARD = gnu11;
				GCC_NO_COMMON_BLOCKS = YES;
				GCC_WARN_64_TO_32_BIT_CONVERSION = YES;
				GCC_WARN_ABOUT_RETURN_TYPE = YES_ERROR;
				GCC_WARN_UNDECLARED_SELECTOR = YES;
				GCC_WARN_UNINITIALIZED_AUTOS = YES_AGGRESSIVE;
				GCC_WARN_UNUSED_FUNCTION = YES;
				GCC_WARN_UNUSED_VARIABLE = YES;
				IPHONEOS_DEPLOYMENT_TARGET = 11.2;
				MTL_ENABLE_DEBUG_INFO = NO;
				SDKROOT = iphoneos;
				SWIFT_OPTIMIZATION_LEVEL = "-Owholemodule";
				VALIDATE_PRODUCT = YES;
			};
			name = Release;
		};
		9048B4901FD863EF005C44AB /* Debug */ = {
			isa = XCBuildConfiguration;
			buildSettings = {
				ASSETCATALOG_COMPILER_APPICON_NAME = AppIcon;
				CODE_SIGN_STYLE = Automatic;
				DEVELOPMENT_TEAM = G6643GXHSA;
				INFOPLIST_FILE = InputAccessoryViewTest/Info.plist;
				LD_RUNPATH_SEARCH_PATHS = "$(inherited) @executable_path/Frameworks";
				PRODUCT_BUNDLE_IDENTIFIER = com.theappboutique.InputAccessoryViewTest;
				PRODUCT_NAME = "$(TARGET_NAME)";
				SWIFT_VERSION = 4.0;
				TARGETED_DEVICE_FAMILY = "1,2";
			};
			name = Debug;
		};
		9048B4911FD863EF005C44AB /* Release */ = {
			isa = XCBuildConfiguration;
			buildSettings = {
				ASSETCATALOG_COMPILER_APPICON_NAME = AppIcon;
				CODE_SIGN_STYLE = Automatic;
				DEVELOPMENT_TEAM = G6643GXHSA;
				INFOPLIST_FILE = InputAccessoryViewTest/Info.plist;
				LD_RUNPATH_SEARCH_PATHS = "$(inherited) @executable_path/Frameworks";
				PRODUCT_BUNDLE_IDENTIFIER = com.theappboutique.InputAccessoryViewTest;
				PRODUCT_NAME = "$(TARGET_NAME)";
				SWIFT_VERSION = 4.0;
				TARGETED_DEVICE_FAMILY = "1,2";
			};
			name = Release;
		};
/* End XCBuildConfiguration section */

/* Begin XCConfigurationList section */
		9048B4781FD863EF005C44AB /* Build configuration list for PBXProject "InputAccessoryViewTest" */ = {
			isa = XCConfigurationList;
			buildConfigurations = (
				9048B48D1FD863EF005C44AB /* Debug */,
				9048B48E1FD863EF005C44AB /* Release */,
			);
			defaultConfigurationIsVisible = 0;
			defaultConfigurationName = Release;
		};
		9048B48F1FD863EF005C44AB /* Build configuration list for PBXNativeTarget "InputAccessoryViewTest" */ = {
			isa = XCConfigurationList;
			buildConfigurations = (
				9048B4901FD863EF005C44AB /* Debug */,
				9048B4911FD863EF005C44AB /* Release */,
			);
			defaultConfigurationIsVisible = 0;
			defaultConfigurationName = Release;
		};
/* End XCConfigurationList section */
	};
	rootObject = 9048B4751FD863EF005C44AB /* Project object */;
}
